
Microsoft Visual Studio Solution File, Format Version 12.00
# Visual Studio Version 17
VisualStudioVersion = 17.14.36414.22 d17.14
MinimumVisualStudioVersion = 10.0.40219.1
Project("{FAE04EC0-301F-11D3-BF4B-00C04F79EFBC}") = "AutoBackupPlus", "AutoBackupPlus.csproj", "{F33933D5-8708-4415-892B-157A14C1521B}"
EndProject
Global
	GlobalSection(SolutionConfigurationPlatforms) = preSolution
		Debug|Any CPU = Debug|Any CPU
		Release|Any CPU = Release|Any CPU
	EndGlobalSection
	GlobalSection(ProjectConfigurationPlatforms) = postSolution
		{F33933D5-8708-4415-892B-157A14C1521B}.Debug|Any CPU.ActiveCfg = Debug|Any CPU
		{F33933D5-8708-4415-892B-157A14C1521B}.Debug|Any CPU.Build.0 = Debug|Any CPU
		{F33933D5-8708-4415-892B-157A14C1521B}.Release|Any CPU.ActiveCfg = Release|Any CPU
		{F33933D5-8708-4415-892B-157A14C1521B}.Release|Any CPU.Build.0 = Release|Any CPU
	EndGlobalSection
	GlobalSection(SolutionProperties) = preSolution
		HideSolutionNode = FALSE
	EndGlobalSection
	GlobalSection(ExtensibilityGlobals) = postSolution
		SolutionGuid = {4396A4C5-0136-4A90-AADA-8011663D6ECE}
	EndGlobalSection
EndGlobal
